
Microsoft Visual Studio Solution File, Format Version 12.00
# Visual Studio Version 17
VisualStudioVersion = 17.10.35004.147
MinimumVisualStudioVersion = 10.0.40219.1
Project("{FAE04EC0-301F-11D3-BF4B-00C04F79EFBC}") = "WebAPI", "WebAPI\WebAPI.csproj", "{CA24634F-0E95-4BDA-9A4E-5A536ACEBC9E}"
	ProjectSection(ProjectDependencies) = postProject
		{0463969D-2D54-4C65-87F8-56AFA3040056} = {0463969D-2D54-4C65-87F8-56AFA3040056}
	EndProjectSection
EndProject
Project("{FAE04EC0-301F-11D3-BF4B-00C04F79EFBC}") = "DAL", "DAL\DAL.csproj", "{F9839AB7-F52F-43D7-B168-CC1BC981497C}"
EndProject
Project("{FAE04EC0-301F-11D3-BF4B-00C04F79EFBC}") = "Domain", "Domain\Domain.csproj", "{0463969D-2D54-4C65-87F8-56AFA3040056}"
	ProjectSection(ProjectDependencies) = postProject
		{F9839AB7-F52F-43D7-B168-CC1BC981497C} = {F9839AB7-F52F-43D7-B168-CC1BC981497C}
	EndProjectSection
EndProject
Global
	GlobalSection(SolutionConfigurationPlatforms) = preSolution
		Debug|Any CPU = Debug|Any CPU
		Release|Any CPU = Release|Any CPU
	EndGlobalSection
	GlobalSection(ProjectConfigurationPlatforms) = postSolution
		{CA24634F-0E95-4BDA-9A4E-5A536ACEBC9E}.Debug|Any CPU.ActiveCfg = Debug|Any CPU
		{CA24634F-0E95-4BDA-9A4E-5A536ACEBC9E}.Debug|Any CPU.Build.0 = Debug|Any CPU
		{CA24634F-0E95-4BDA-9A4E-5A536ACEBC9E}.Release|Any CPU.ActiveCfg = Release|Any CPU
		{CA24634F-0E95-4BDA-9A4E-5A536ACEBC9E}.Release|Any CPU.Build.0 = Release|Any CPU
		{F9839AB7-F52F-43D7-B168-CC1BC981497C}.Debug|Any CPU.ActiveCfg = Debug|Any CPU
		{F9839AB7-F52F-43D7-B168-CC1BC981497C}.Debug|Any CPU.Build.0 = Debug|Any CPU
		{F9839AB7-F52F-43D7-B168-CC1BC981497C}.Release|Any CPU.ActiveCfg = Release|Any CPU
		{F9839AB7-F52F-43D7-B168-CC1BC981497C}.Release|Any CPU.Build.0 = Release|Any CPU
		{0463969D-2D54-4C65-87F8-56AFA3040056}.Debug|Any CPU.ActiveCfg = Debug|Any CPU
		{0463969D-2D54-4C65-87F8-56AFA3040056}.Debug|Any CPU.Build.0 = Debug|Any CPU
		{0463969D-2D54-4C65-87F8-56AFA3040056}.Release|Any CPU.ActiveCfg = Release|Any CPU
		{0463969D-2D54-4C65-87F8-56AFA3040056}.Release|Any CPU.Build.0 = Release|Any CPU
	EndGlobalSection
	GlobalSection(SolutionProperties) = preSolution
		HideSolutionNode = FALSE
	EndGlobalSection
	GlobalSection(ExtensibilityGlobals) = postSolution
		SolutionGuid = {E45E53E6-FDE6-4A36-9989-D985C1E8ECF5}
	EndGlobalSection
EndGlobal
